
Microsoft Visual Studio Solution File, Format Version 12.00
# Visual Studio 14
VisualStudioVersion = 14.0.25420.1
MinimumVisualStudioVersion = 10.0.40219.1
Project("{2150E333-8FDC-42A3-9474-1A3956D46DE8}") = "AppServices", "AppServices", "{4366FAC7-7005-449D-968C-766AD2C1F42E}"
EndProject
Project("{2150E333-8FDC-42A3-9474-1A3956D46DE8}") = "BusinessLayer", "BusinessLayer", "{F9794A5D-EE2D-44F9-8DB8-BFFE2C8A09BF}"
EndProject
Project("{2150E333-8FDC-42A3-9474-1A3956D46DE8}") = "Core", "Core", "{C2876F3E-3C3E-46AD-89AF-E808F59A90BA}"
EndProject
Project("{2150E333-8FDC-42A3-9474-1A3956D46DE8}") = "DataLayer", "DataLayer", "{3552AC9F-04D8-4283-A461-B447436A2120}"
EndProject
Project("{2150E333-8FDC-42A3-9474-1A3956D46DE8}") = "Models", "Models", "{0F844DC6-F416-478C-A70A-4315A119F80D}"
EndProject
Project("{2150E333-8FDC-42A3-9474-1A3956D46DE8}") = "Tests", "Tests", "{D934576E-2E60-40AE-AF09-E78804342169}"
EndProject
Project("{FAE04EC0-301F-11D3-BF4B-00C04F79EFBC}") = "LS.Services", "LS.Services\LS.Services.csproj", "{FFCD41DE-8DD8-4904-855B-256091CCA65E}"
EndProject
Project("{FAE04EC0-301F-11D3-BF4B-00C04F79EFBC}") = "LS.BL", "LS.BL\LS.BL.csproj", "{C2935CA4-F185-4DB3-B1CA-EF56A883011D}"
EndProject
Project("{FAE04EC0-301F-11D3-BF4B-00C04F79EFBC}") = "LS.Core", "LS.Core\LS.Core.csproj", "{3F84F4FB-92D2-4FF0-AD1D-B5B2413BC02F}"
EndProject
Project("{FAE04EC0-301F-11D3-BF4B-00C04F79EFBC}") = "LS.DAL", "LS.DAL\LS.DAL.csproj", "{83B5AF7A-B502-46D9-AE95-31F0B2C38A3B}"
EndProject
Project("{FAE04EC0-301F-11D3-BF4B-00C04F79EFBC}") = "LS.UnitTests", "LS.UnitTests\LS.UnitTests.csproj", "{0CDD865F-2D55-4899-B7C5-248566906AC7}"
EndProject
Project("{FAE04EC0-301F-11D3-BF4B-00C04F79EFBC}") = "LS.IntegrationTests", "LS.IntegrationTests\LS.IntegrationTests.csproj", "{58125CFF-7998-4945-B1F5-C36367351C27}"
EndProject
Project("{FAE04EC0-301F-11D3-BF4B-00C04F79EFBC}") = "LS.FunctionalUITests", "LS.FunctionalUITests\LS.FunctionalUITests.csproj", "{5F1D719D-3133-43C4-9D09-8FF149331A27}"
EndProject
Project("{FAE04EC0-301F-11D3-BF4B-00C04F79EFBC}") = "Leopard", "Leopard\Leopard.csproj", "{CD66F300-46C7-4621-A17C-4E043A4CF456}"
EndProject
Global
	GlobalSection(SolutionConfigurationPlatforms) = preSolution
		Debug|Any CPU = Debug|Any CPU
		Release|Any CPU = Release|Any CPU
	EndGlobalSection
	GlobalSection(ProjectConfigurationPlatforms) = postSolution
		{FFCD41DE-8DD8-4904-855B-256091CCA65E}.Debug|Any CPU.ActiveCfg = Debug|Any CPU
		{FFCD41DE-8DD8-4904-855B-256091CCA65E}.Debug|Any CPU.Build.0 = Debug|Any CPU
		{FFCD41DE-8DD8-4904-855B-256091CCA65E}.Release|Any CPU.ActiveCfg = Release|Any CPU
		{FFCD41DE-8DD8-4904-855B-256091CCA65E}.Release|Any CPU.Build.0 = Release|Any CPU
		{C2935CA4-F185-4DB3-B1CA-EF56A883011D}.Debug|Any CPU.ActiveCfg = Debug|Any CPU
		{C2935CA4-F185-4DB3-B1CA-EF56A883011D}.Debug|Any CPU.Build.0 = Debug|Any CPU
		{C2935CA4-F185-4DB3-B1CA-EF56A883011D}.Release|Any CPU.ActiveCfg = Release|Any CPU
		{C2935CA4-F185-4DB3-B1CA-EF56A883011D}.Release|Any CPU.Build.0 = Release|Any CPU
		{3F84F4FB-92D2-4FF0-AD1D-B5B2413BC02F}.Debug|Any CPU.ActiveCfg = Debug|Any CPU
		{3F84F4FB-92D2-4FF0-AD1D-B5B2413BC02F}.Debug|Any CPU.Build.0 = Debug|Any CPU
		{3F84F4FB-92D2-4FF0-AD1D-B5B2413BC02F}.Release|Any CPU.ActiveCfg = Release|Any CPU
		{3F84F4FB-92D2-4FF0-AD1D-B5B2413BC02F}.Release|Any CPU.Build.0 = Release|Any CPU
		{83B5AF7A-B502-46D9-AE95-31F0B2C38A3B}.Debug|Any CPU.ActiveCfg = Debug|Any CPU
		{83B5AF7A-B502-46D9-AE95-31F0B2C38A3B}.Debug|Any CPU.Build.0 = Debug|Any CPU
		{83B5AF7A-B502-46D9-AE95-31F0B2C38A3B}.Release|Any CPU.ActiveCfg = Release|Any CPU
		{83B5AF7A-B502-46D9-AE95-31F0B2C38A3B}.Release|Any CPU.Build.0 = Release|Any CPU
		{0CDD865F-2D55-4899-B7C5-248566906AC7}.Debug|Any CPU.ActiveCfg = Debug|Any CPU
		{0CDD865F-2D55-4899-B7C5-248566906AC7}.Debug|Any CPU.Build.0 = Debug|Any CPU
		{0CDD865F-2D55-4899-B7C5-248566906AC7}.Release|Any CPU.ActiveCfg = Release|Any CPU
		{0CDD865F-2D55-4899-B7C5-248566906AC7}.Release|Any CPU.Build.0 = Release|Any CPU
		{58125CFF-7998-4945-B1F5-C36367351C27}.Debug|Any CPU.ActiveCfg = Debug|Any CPU
		{58125CFF-7998-4945-B1F5-C36367351C27}.Debug|Any CPU.Build.0 = Debug|Any CPU
		{58125CFF-7998-4945-B1F5-C36367351C27}.Release|Any CPU.ActiveCfg = Release|Any CPU
		{58125CFF-7998-4945-B1F5-C36367351C27}.Release|Any CPU.Build.0 = Release|Any CPU
		{5F1D719D-3133-43C4-9D09-8FF149331A27}.Debug|Any CPU.ActiveCfg = Debug|Any CPU
		{5F1D719D-3133-43C4-9D09-8FF149331A27}.Debug|Any CPU.Build.0 = Debug|Any CPU
		{5F1D719D-3133-43C4-9D09-8FF149331A27}.Release|Any CPU.ActiveCfg = Release|Any CPU
		{5F1D719D-3133-43C4-9D09-8FF149331A27}.Release|Any CPU.Build.0 = Release|Any CPU
		{CD66F300-46C7-4621-A17C-4E043A4CF456}.Debug|Any CPU.ActiveCfg = Debug|Any CPU
		{CD66F300-46C7-4621-A17C-4E043A4CF456}.Debug|Any CPU.Build.0 = Debug|Any CPU
		{CD66F300-46C7-4621-A17C-4E043A4CF456}.Release|Any CPU.ActiveCfg = Release|Any CPU
		{CD66F300-46C7-4621-A17C-4E043A4CF456}.Release|Any CPU.Build.0 = Release|Any CPU
	EndGlobalSection
	GlobalSection(SolutionProperties) = preSolution
		HideSolutionNode = FALSE
	EndGlobalSection
	GlobalSection(NestedProjects) = preSolution
		{FFCD41DE-8DD8-4904-855B-256091CCA65E} = {4366FAC7-7005-449D-968C-766AD2C1F42E}
		{C2935CA4-F185-4DB3-B1CA-EF56A883011D} = {F9794A5D-EE2D-44F9-8DB8-BFFE2C8A09BF}
		{3F84F4FB-92D2-4FF0-AD1D-B5B2413BC02F} = {C2876F3E-3C3E-46AD-89AF-E808F59A90BA}
		{83B5AF7A-B502-46D9-AE95-31F0B2C38A3B} = {3552AC9F-04D8-4283-A461-B447436A2120}
		{0CDD865F-2D55-4899-B7C5-248566906AC7} = {D934576E-2E60-40AE-AF09-E78804342169}
		{58125CFF-7998-4945-B1F5-C36367351C27} = {D934576E-2E60-40AE-AF09-E78804342169}
		{5F1D719D-3133-43C4-9D09-8FF149331A27} = {D934576E-2E60-40AE-AF09-E78804342169}
	EndGlobalSection
EndGlobal
